# THIS IS AN AUTOGENERATED FILE. DO NOT EDIT THIS FILE DIRECTLY.
# yarn lockfile v1


"@aws-cdk/assets@1.182.0":
  version "1.182.0"
  resolved "https://registry.yarnpkg.com/@aws-cdk/assets/-/assets-1.182.0.tgz#131847b85883331fa19bb38cc0f8d94150f5de05"
  integrity sha512-a4HFCZuaBjuGw9IG9Ax6M/dUVx7AkLAVUsDRLESOodh0n1OJaoXYKYwxU9CNGB8tqqOPyzY5vcngcG/L6lcelw==
  dependencies:
    "@aws-cdk/core" "1.182.0"
    "@aws-cdk/cx-api" "1.182.0"
    constructs "^3.3.69"

"@aws-cdk/aws-acmpca@1.182.0":
  version "1.182.0"
  resolved "https://registry.yarnpkg.com/@aws-cdk/aws-acmpca/-/aws-acmpca-1.182.0.tgz#487852082d1e81dd209e4c3b58ab82a8d6218257"
  integrity sha512-i1hmmqPN/UtBuET30WHkOXKhVAiu1DS0JnmfQ7CtjAElFdpG58d+JdGVGXl0pBYWOu1MVuyRu4ViLMv1v4MplQ==
  dependencies:
    "@aws-cdk/core" "1.182.0"
    constructs "^3.3.69"

"@aws-cdk/aws-apigateway@1.182.0":
  version "1.182.0"
  resolved "https://registry.yarnpkg.com/@aws-cdk/aws-apigateway/-/aws-apigateway-1.182.0.tgz#979602a3bf33ec44b7fe0de835d34dbacfa81486"
  integrity sha512-BKiBv7VViiYRyskv6zT0orXywQUPXEkCkiUXhQhDRyhAXcJE+hxgTESRda9ZSoI0B3cSdhrKVVjyjawabAgIrA==
  dependencies:
    "@aws-cdk/aws-certificatemanager" "1.182.0"
    "@aws-cdk/aws-cloudwatch" "1.182.0"
    "@aws-cdk/aws-cognito" "1.182.0"
    "@aws-cdk/aws-ec2" "1.182.0"
    "@aws-cdk/aws-elasticloadbalancingv2" "1.182.0"
    "@aws-cdk/aws-iam" "1.182.0"
    "@aws-cdk/aws-lambda" "1.182.0"
    "@aws-cdk/aws-logs" "1.182.0"
    "@aws-cdk/aws-s3" "1.182.0"
    "@aws-cdk/aws-s3-assets" "1.182.0"
    "@aws-cdk/aws-stepfunctions" "1.182.0"
    "@aws-cdk/core" "1.182.0"
    "@aws-cdk/cx-api" "1.182.0"
    constructs "^3.3.69"

"@aws-cdk/aws-applicationautoscaling@1.182.0":
  version "1.182.0"
  resolved "https://registry.yarnpkg.com/@aws-cdk/aws-applicationautoscaling/-/aws-applicationautoscaling-1.182.0.tgz#e022b5e2be69fe74385345d9dc6c15e237def5d6"
  integrity sha512-clcqRhGc0n6r902ZXzV0CmwggHIpzhT2Whr2WNieB8OQ4Im7pj+FBihZqkVbaiytizRcXJDhtlqu/wVDcTATjQ==
  dependencies:
    "@aws-cdk/aws-autoscaling-common" "1.182.0"
    "@aws-cdk/aws-cloudwatch" "1.182.0"
    "@aws-cdk/aws-iam" "1.182.0"
    "@aws-cdk/core" "1.182.0"
    constructs "^3.3.69"

"@aws-cdk/aws-autoscaling-common@1.182.0":
  version "1.182.0"
  resolved "https://registry.yarnpkg.com/@aws-cdk/aws-autoscaling-common/-/aws-autoscaling-common-1.182.0.tgz#3f6d2cac37c56def5a0e033c408a3811cd169572"
  integrity sha512-4HZvkdICFG3sjnb47wiuhcfQTm0WpGk6RJN7HCo0mLxeGzOWHn1Haseq73f3AOGA/zwrOqGVoub19P2TB7Kh1g==
  dependencies:
    "@aws-cdk/aws-iam" "1.182.0"
    "@aws-cdk/core" "1.182.0"
    constructs "^3.3.69"

"@aws-cdk/aws-certificatemanager@1.182.0":
  version "1.182.0"
  resolved "https://registry.yarnpkg.com/@aws-cdk/aws-certificatemanager/-/aws-certificatemanager-1.182.0.tgz#27f70180bc7563f4003fba558ad4167e2a04bbe6"
  integrity sha512-VjXzjlHI+HOE+609wPGW1ory5zboGxKp77rXUHwkQMMJl1dbzqo+xEOt5gTWjqWU9e/q2C9NBYKY8whpFnqhxQ==
  dependencies:
    "@aws-cdk/aws-acmpca" "1.182.0"
    "@aws-cdk/aws-cloudwatch" "1.182.0"
    "@aws-cdk/aws-iam" "1.182.0"
    "@aws-cdk/aws-lambda" "1.182.0"
    "@aws-cdk/aws-route53" "1.182.0"
    "@aws-cdk/core" "1.182.0"
    constructs "^3.3.69"

"@aws-cdk/aws-cloudformation@1.182.0":
  version "1.182.0"
  resolved "https://registry.yarnpkg.com/@aws-cdk/aws-cloudformation/-/aws-cloudformation-1.182.0.tgz#ef6269bf7c612b54dbfbc8263f336176422cb304"
  integrity sha512-oVopQIyUqp0YaBVV6r2Y7BVUiwmwU1x7fdojB4j79R0Fy6DX8H0617k+ZxFs6zyly8SWQSMK3fNyd4xxpoQ67Q==
  dependencies:
    "@aws-cdk/aws-iam" "1.182.0"
    "@aws-cdk/aws-lambda" "1.182.0"
    "@aws-cdk/aws-s3" "1.182.0"
    "@aws-cdk/aws-sns" "1.182.0"
    "@aws-cdk/core" "1.182.0"
    "@aws-cdk/cx-api" "1.182.0"
    constructs "^3.3.69"

"@aws-cdk/aws-cloudwatch@1.182.0":
  version "1.182.0"
  resolved "https://registry.yarnpkg.com/@aws-cdk/aws-cloudwatch/-/aws-cloudwatch-1.182.0.tgz#3cda8908b78af22d708702374f1cdf3cbea2e6d2"
  integrity sha512-3ewGN3QSYF5jHyrVHPX0to5EqorFRP5GMxIE3IxEd+DiUFjszDtMCgPFURaIt1zUC+Vz/RgcBkA0FPdvR0p5tg==
  dependencies:
    "@aws-cdk/aws-iam" "1.182.0"
    "@aws-cdk/core" "1.182.0"
    constructs "^3.3.69"

"@aws-cdk/aws-codeguruprofiler@1.182.0":
  version "1.182.0"
  resolved "https://registry.yarnpkg.com/@aws-cdk/aws-codeguruprofiler/-/aws-codeguruprofiler-1.182.0.tgz#d7e0b55065e5af214d9b0633b3fa411196f5b769"
  integrity sha512-edtTLPzSiolw6UoyLkCSkU1PC0tDPXsznsPcnw1jNqvvhapBcni8JAT3a/OxLfo+4mOubeqGJmc1/6GX+vT+VA==
  dependencies:
    "@aws-cdk/aws-iam" "1.182.0"
    "@aws-cdk/core" "1.182.0"
    constructs "^3.3.69"

"@aws-cdk/aws-codestarnotifications@1.182.0":
  version "1.182.0"
  resolved "https://registry.yarnpkg.com/@aws-cdk/aws-codestarnotifications/-/aws-codestarnotifications-1.182.0.tgz#a99e2d82565c37e5e6677aeb911201d89cc755e9"
  integrity sha512-x4W8fYjaXiBxgM7fcudPLldDZaBSxedOAAoot0qbdsqyLGX71hkyUlz/Fsb8CgGJ4hV86s/wHHIxsJu1ZZOOiQ==
  dependencies:
    "@aws-cdk/core" "1.182.0"
    constructs "^3.3.69"

"@aws-cdk/aws-cognito@1.182.0":
  version "1.182.0"
  resolved "https://registry.yarnpkg.com/@aws-cdk/aws-cognito/-/aws-cognito-1.182.0.tgz#ee3ee3040a5a363116b77459db070735e306e7c1"
  integrity sha512-1dH2th8uWNG9zNk4WAerCB/gqvWj6FqrHg8v3sEhA3qd9E0Vnhi431RzXEKRyhbrK9mj9fYcSdrbUw7tAU2sfw==
  dependencies:
    "@aws-cdk/aws-certificatemanager" "1.182.0"
    "@aws-cdk/aws-iam" "1.182.0"
    "@aws-cdk/aws-kms" "1.182.0"
    "@aws-cdk/aws-lambda" "1.182.0"
    "@aws-cdk/core" "1.182.0"
    "@aws-cdk/custom-resources" "1.182.0"
    constructs "^3.3.69"
    punycode "^2.1.1"

"@aws-cdk/aws-dynamodb@1.182.0":
  version "1.182.0"
  resolved "https://registry.yarnpkg.com/@aws-cdk/aws-dynamodb/-/aws-dynamodb-1.182.0.tgz#1d6b37d4858c60cb7f0d13b0298d5c1b80475ffe"
  integrity sha512-9GZWOeG/+efuF+ls4UUfwkLwKFkc4TxJarVK7UeYdocYmmCRaD1kvfW+gADxQkESABA3o7XB9V1bSS9NcR4IeA==
  dependencies:
    "@aws-cdk/aws-applicationautoscaling" "1.182.0"
    "@aws-cdk/aws-cloudwatch" "1.182.0"
    "@aws-cdk/aws-iam" "1.182.0"
    "@aws-cdk/aws-kinesis" "1.182.0"
    "@aws-cdk/aws-kms" "1.182.0"
    "@aws-cdk/aws-lambda" "1.182.0"
    "@aws-cdk/core" "1.182.0"
    "@aws-cdk/custom-resources" "1.182.0"
    constructs "^3.3.69"

"@aws-cdk/aws-ec2@1.182.0":
  version "1.182.0"
  resolved "https://registry.yarnpkg.com/@aws-cdk/aws-ec2/-/aws-ec2-1.182.0.tgz#969ecfed98b168cd93ee33fd7adfe5902c944a3b"
  integrity sha512-H6rfGRHJHSFAXXfn8F/jofYlo4gvediXktIULSQKbWsJeyhdms/EyIvmzmLu47uGGiR9029sb38CXXqoXHPC0Q==
  dependencies:
    "@aws-cdk/aws-cloudwatch" "1.182.0"
    "@aws-cdk/aws-iam" "1.182.0"
    "@aws-cdk/aws-kms" "1.182.0"
    "@aws-cdk/aws-logs" "1.182.0"
    "@aws-cdk/aws-s3" "1.182.0"
    "@aws-cdk/aws-s3-assets" "1.182.0"
    "@aws-cdk/aws-ssm" "1.182.0"
    "@aws-cdk/cloud-assembly-schema" "1.182.0"
    "@aws-cdk/core" "1.182.0"
    "@aws-cdk/cx-api" "1.182.0"
    "@aws-cdk/region-info" "1.182.0"
    constructs "^3.3.69"

"@aws-cdk/aws-ecr-assets@1.182.0":
  version "1.182.0"
  resolved "https://registry.yarnpkg.com/@aws-cdk/aws-ecr-assets/-/aws-ecr-assets-1.182.0.tgz#abfd526201281c45bea505991bba7e1f5722e51c"
  integrity sha512-Q+3TfDBz1Jdmbr9xk6Y/7+JZaQV8fh2tzw/900RHEoT3Kx40tEJOWneZexuFpKvKfnQy1zTYJ+DSJtc9BRmD0g==
  dependencies:
    "@aws-cdk/assets" "1.182.0"
    "@aws-cdk/aws-ecr" "1.182.0"
    "@aws-cdk/aws-iam" "1.182.0"
    "@aws-cdk/aws-s3" "1.182.0"
    "@aws-cdk/core" "1.182.0"
    "@aws-cdk/cx-api" "1.182.0"
    constructs "^3.3.69"

"@aws-cdk/aws-ecr@1.182.0":
  version "1.182.0"
  resolved "https://registry.yarnpkg.com/@aws-cdk/aws-ecr/-/aws-ecr-1.182.0.tgz#31e1f4608f4c98c6699a2b3cb885ae4b53d8e7b3"
  integrity sha512-bxEaf3ipIEHDqEeTFIdwtOaslhW9GHPgpUX6aRtjd+RBIz2ZYxVhvgBXokZ1L77uY/Bhqje77s9AqXHYMe8i8Q==
  dependencies:
    "@aws-cdk/aws-events" "1.182.0"
    "@aws-cdk/aws-iam" "1.182.0"
    "@aws-cdk/aws-kms" "1.182.0"
    "@aws-cdk/core" "1.182.0"
    constructs "^3.3.69"

"@aws-cdk/aws-efs@1.182.0":
  version "1.182.0"
  resolved "https://registry.yarnpkg.com/@aws-cdk/aws-efs/-/aws-efs-1.182.0.tgz#d3d3db62aecc0ec81b3e7776ba1b2cccbdff4bae"
  integrity sha512-/Qz3oix5qNMl+DAI0kD88a0Dcf+IXYdZ/zewmt7iyW52YY+ZZYTGXmS+uMa4U7LkNuqRS7fkBa5eZm18MLhQFw==
  dependencies:
    "@aws-cdk/aws-ec2" "1.182.0"
    "@aws-cdk/aws-iam" "1.182.0"
    "@aws-cdk/aws-kms" "1.182.0"
    "@aws-cdk/cloud-assembly-schema" "1.182.0"
    "@aws-cdk/core" "1.182.0"
    "@aws-cdk/cx-api" "1.182.0"
    constructs "^3.3.69"

"@aws-cdk/aws-elasticloadbalancingv2@1.182.0":
  version "1.182.0"
  resolved "https://registry.yarnpkg.com/@aws-cdk/aws-elasticloadbalancingv2/-/aws-elasticloadbalancingv2-1.182.0.tgz#f9dc2b5a884552875215da5ea7717040d3e09a2a"
  integrity sha512-td8nOamna5PLjpJKkLJc1dpNbHvajWn8RrGuKgzbo0rR6/5JsEou72IbgkoV43TTawzbehoZCr93MVn4j8UkpQ==
  dependencies:
    "@aws-cdk/aws-certificatemanager" "1.182.0"
    "@aws-cdk/aws-cloudwatch" "1.182.0"
    "@aws-cdk/aws-ec2" "1.182.0"
    "@aws-cdk/aws-iam" "1.182.0"
    "@aws-cdk/aws-lambda" "1.182.0"
    "@aws-cdk/aws-route53" "1.182.0"
    "@aws-cdk/aws-s3" "1.182.0"
    "@aws-cdk/cloud-assembly-schema" "1.182.0"
    "@aws-cdk/core" "1.182.0"
    "@aws-cdk/cx-api" "1.182.0"
    "@aws-cdk/region-info" "1.182.0"
    constructs "^3.3.69"

"@aws-cdk/aws-events@1.182.0":
  version "1.182.0"
  resolved "https://registry.yarnpkg.com/@aws-cdk/aws-events/-/aws-events-1.182.0.tgz#0fc217e9f8f6936a98a27256af94e553daf641d7"
  integrity sha512-jffV3jVMcRFV4B1LFLbiv5efE3KCC7Ea4pL/pP4ysU02xJjUoi3UjpQKRIs0VAWligG34CBv3DgTO5pcVzy47A==
  dependencies:
    "@aws-cdk/aws-iam" "1.182.0"
    "@aws-cdk/core" "1.182.0"
    constructs "^3.3.69"

"@aws-cdk/aws-iam@1.182.0", "@aws-cdk/aws-iam@^1.19.0":
  version "1.182.0"
  resolved "https://registry.yarnpkg.com/@aws-cdk/aws-iam/-/aws-iam-1.182.0.tgz#d5f4e7503da9bdbe37b2f7ef37c512fdd055024c"
  integrity sha512-e4huUyP/Dh+GBPFO3Az5hoa0dzULbnrYqtgG9lfJ6MniKX16Qbn4lPwNmS79kUQWRHT6K1gOzQFgE/lsR2LgYw==
  dependencies:
    "@aws-cdk/core" "1.182.0"
    "@aws-cdk/cx-api" "1.182.0"
    "@aws-cdk/region-info" "1.182.0"
    constructs "^3.3.69"

"@aws-cdk/aws-kinesis@1.182.0":
  version "1.182.0"
  resolved "https://registry.yarnpkg.com/@aws-cdk/aws-kinesis/-/aws-kinesis-1.182.0.tgz#7a72b510bc4d479322e956cd0f639793d5216da6"
  integrity sha512-lEKlhWrWNPhAJMR5RznqvUHXeD8X0ATV3pGm5DQCpRyzmUbQ0oCrAfGlFZO6uSb2mE5iT2RiHPht/alfJts+2w==
  dependencies:
    "@aws-cdk/aws-cloudwatch" "1.182.0"
    "@aws-cdk/aws-iam" "1.182.0"
    "@aws-cdk/aws-kms" "1.182.0"
    "@aws-cdk/aws-logs" "1.182.0"
    "@aws-cdk/core" "1.182.0"
    constructs "^3.3.69"

"@aws-cdk/aws-kms@1.182.0":
  version "1.182.0"
  resolved "https://registry.yarnpkg.com/@aws-cdk/aws-kms/-/aws-kms-1.182.0.tgz#fac737294e973a97d7467e49eed7b93584b0fcac"
  integrity sha512-Mqq85PXai3VtEnz9IsSXF4S0xCr4lukuKx5onXMwFXmcdxhVt7O6ZDC33AA4Dr9jukjYkuJv6Ulf586sfub2sA==
  dependencies:
    "@aws-cdk/aws-iam" "1.182.0"
    "@aws-cdk/cloud-assembly-schema" "1.182.0"
    "@aws-cdk/core" "1.182.0"
    "@aws-cdk/cx-api" "1.182.0"
    constructs "^3.3.69"

"@aws-cdk/aws-lambda-event-sources@^1.182.0":
  version "1.182.0"
  resolved "https://registry.yarnpkg.com/@aws-cdk/aws-lambda-event-sources/-/aws-lambda-event-sources-1.182.0.tgz#4c256ce08a16fd1f98dbaf9da1aeed76155ae894"
  integrity sha512-E8+MIQnEA9CPug6ABbCp74eXeHkGgXWu1C6iDcENGpvj/qYC66dY2bv4Rgtr5yCQ7GYPldGccCD8DMDFZTYytg==
  dependencies:
    "@aws-cdk/aws-apigateway" "1.182.0"
    "@aws-cdk/aws-dynamodb" "1.182.0"
    "@aws-cdk/aws-ec2" "1.182.0"
    "@aws-cdk/aws-events" "1.182.0"
    "@aws-cdk/aws-iam" "1.182.0"
    "@aws-cdk/aws-kinesis" "1.182.0"
    "@aws-cdk/aws-lambda" "1.182.0"
    "@aws-cdk/aws-s3" "1.182.0"
    "@aws-cdk/aws-s3-notifications" "1.182.0"
    "@aws-cdk/aws-secretsmanager" "1.182.0"
    "@aws-cdk/aws-sns" "1.182.0"
    "@aws-cdk/aws-sns-subscriptions" "1.182.0"
    "@aws-cdk/aws-sqs" "1.182.0"
    "@aws-cdk/core" "1.182.0"
    constructs "^3.3.69"

"@aws-cdk/aws-lambda@1.182.0", "@aws-cdk/aws-lambda@^1.182.0":
  version "1.182.0"
  resolved "https://registry.yarnpkg.com/@aws-cdk/aws-lambda/-/aws-lambda-1.182.0.tgz#ce066aadd1fa403a6ed172865e7205ca1cde8bbe"
  integrity sha512-ipKAbTd+9zlt0m5wT4fnrzeAVbXH8BxiudJf2n/Pbo9nKLRN/kWGPz2sOT18+YSqkO79lsyXHJw0K1nTTMw5MQ==
  dependencies:
    "@aws-cdk/aws-applicationautoscaling" "1.182.0"
    "@aws-cdk/aws-cloudwatch" "1.182.0"
    "@aws-cdk/aws-codeguruprofiler" "1.182.0"
    "@aws-cdk/aws-ec2" "1.182.0"
    "@aws-cdk/aws-ecr" "1.182.0"
    "@aws-cdk/aws-ecr-assets" "1.182.0"
    "@aws-cdk/aws-efs" "1.182.0"
    "@aws-cdk/aws-events" "1.182.0"
    "@aws-cdk/aws-iam" "1.182.0"
    "@aws-cdk/aws-kms" "1.182.0"
    "@aws-cdk/aws-logs" "1.182.0"
    "@aws-cdk/aws-s3" "1.182.0"
    "@aws-cdk/aws-s3-assets" "1.182.0"
    "@aws-cdk/aws-signer" "1.182.0"
    "@aws-cdk/aws-sns" "1.182.0"
    "@aws-cdk/aws-sqs" "1.182.0"
    "@aws-cdk/core" "1.182.0"
    "@aws-cdk/cx-api" "1.182.0"
    "@aws-cdk/region-info" "1.182.0"
    constructs "^3.3.69"

"@aws-cdk/aws-logs@1.182.0":
  version "1.182.0"
  resolved "https://registry.yarnpkg.com/@aws-cdk/aws-logs/-/aws-logs-1.182.0.tgz#b83869e577b95b3e9442c81f0a63c3d78f833824"
  integrity sha512-nN+mD5ygNNvsgUnJPs4xVGQsnJCWIWJnhacqpimh6HMN7YjiARxwSdcJUcP5lKu46NWOvuHGgIF9m6CfFqtaLg==
  dependencies:
    "@aws-cdk/aws-cloudwatch" "1.182.0"
    "@aws-cdk/aws-iam" "1.182.0"
    "@aws-cdk/aws-kms" "1.182.0"
    "@aws-cdk/aws-s3-assets" "1.182.0"
    "@aws-cdk/core" "1.182.0"
    "@aws-cdk/cx-api" "1.182.0"
    constructs "^3.3.69"

"@aws-cdk/aws-route53@1.182.0":
  version "1.182.0"
  resolved "https://registry.yarnpkg.com/@aws-cdk/aws-route53/-/aws-route53-1.182.0.tgz#482f6b669b227c1832e548c6cc920bbaa6a8ea6a"
  integrity sha512-MkyD7NrfSTGa+JtcnCm4i5/CWZL2Brhnr/AJJMqs4UdZkZDuFUBmqo+2u9Mkf+nhsz59lLFmK8cKcQa0KbrOCw==
  dependencies:
    "@aws-cdk/aws-ec2" "1.182.0"
    "@aws-cdk/aws-iam" "1.182.0"
    "@aws-cdk/aws-logs" "1.182.0"
    "@aws-cdk/cloud-assembly-schema" "1.182.0"
    "@aws-cdk/core" "1.182.0"
    "@aws-cdk/custom-resources" "1.182.0"
    constructs "^3.3.69"

"@aws-cdk/aws-s3-assets@1.182.0":
  version "1.182.0"
  resolved "https://registry.yarnpkg.com/@aws-cdk/aws-s3-assets/-/aws-s3-assets-1.182.0.tgz#905c6c9e7352c558baa0f0d3ae48923778cad7dd"
  integrity sha512-feOjjLw6DhWmfsdsVFhkR4fR8c4DDl2XAGpoifqyU2V+o3eUUPyBpf5CYwHc4kYv1hawruBjKvoH+h+evRpIrg==
  dependencies:
    "@aws-cdk/assets" "1.182.0"
    "@aws-cdk/aws-iam" "1.182.0"
    "@aws-cdk/aws-kms" "1.182.0"
    "@aws-cdk/aws-s3" "1.182.0"
    "@aws-cdk/core" "1.182.0"
    "@aws-cdk/cx-api" "1.182.0"
    constructs "^3.3.69"

"@aws-cdk/aws-s3-notifications@1.182.0", "@aws-cdk/aws-s3-notifications@^1.182.0":
  version "1.182.0"
  resolved "https://registry.yarnpkg.com/@aws-cdk/aws-s3-notifications/-/aws-s3-notifications-1.182.0.tgz#03e58b2df05bd7394173d8df67daa0a7e66b9d0c"
  integrity sha512-B2pgf96hihR/1XSQh9CrU5n9bF8bQdlrjpZI94goZ41A+N7l4vcfzhoUg3DVPwsM0FPTaKc/JuCG5ao/2TD6tg==
  dependencies:
    "@aws-cdk/aws-iam" "1.182.0"
    "@aws-cdk/aws-kms" "1.182.0"
    "@aws-cdk/aws-lambda" "1.182.0"
    "@aws-cdk/aws-s3" "1.182.0"
    "@aws-cdk/aws-sns" "1.182.0"
    "@aws-cdk/aws-sqs" "1.182.0"
    "@aws-cdk/core" "1.182.0"
    constructs "^3.3.69"

"@aws-cdk/aws-s3@1.182.0", "@aws-cdk/aws-s3@^1.19.0":
  version "1.182.0"
  resolved "https://registry.yarnpkg.com/@aws-cdk/aws-s3/-/aws-s3-1.182.0.tgz#caff54059433a8725a7316990e3251a0b8314d44"
  integrity sha512-i/Gdt/ra6vqAB2dEP6CA7fHT9bqgg/bdvwOSa6QpN/B/PCenh3IvtZZIaIXvU2vAtz47cvYCEsoTBxxK/2RWPQ==
  dependencies:
    "@aws-cdk/aws-events" "1.182.0"
    "@aws-cdk/aws-iam" "1.182.0"
    "@aws-cdk/aws-kms" "1.182.0"
    "@aws-cdk/core" "1.182.0"
    "@aws-cdk/cx-api" "1.182.0"
    constructs "^3.3.69"

"@aws-cdk/aws-sam@1.182.0":
  version "1.182.0"
  resolved "https://registry.yarnpkg.com/@aws-cdk/aws-sam/-/aws-sam-1.182.0.tgz#99ceb86fd1412b9c2d523d8d324143072636f08d"
  integrity sha512-nAoMdfHYDinRVF1r0vH6dYFj5fAENchJom0+U+yYCBUVjovD8b7fdxeEWhNUsQ7ZcehUwJ146DOzfN/oetpMXg==
  dependencies:
    "@aws-cdk/core" "1.182.0"
    constructs "^3.3.69"

"@aws-cdk/aws-secretsmanager@1.182.0":
  version "1.182.0"
  resolved "https://registry.yarnpkg.com/@aws-cdk/aws-secretsmanager/-/aws-secretsmanager-1.182.0.tgz#e51761b28910df1191c707f841b02de4a0a13af0"
  integrity sha512-5vdF8krAOlW4uksRyH2CXnjUdCphwnYtK1wMgNiv8JNmJNSBUvEvBymQKp/pg+AU52URak8ya7Fyx6fE5Dii1g==
  dependencies:
    "@aws-cdk/aws-ec2" "1.182.0"
    "@aws-cdk/aws-iam" "1.182.0"
    "@aws-cdk/aws-kms" "1.182.0"
    "@aws-cdk/aws-lambda" "1.182.0"
    "@aws-cdk/aws-sam" "1.182.0"
    "@aws-cdk/core" "1.182.0"
    "@aws-cdk/cx-api" "1.182.0"
    constructs "^3.3.69"

"@aws-cdk/aws-signer@1.182.0":
  version "1.182.0"
  resolved "https://registry.yarnpkg.com/@aws-cdk/aws-signer/-/aws-signer-1.182.0.tgz#4eb9ec48975c50aceba23d1f6a3aa8dde958eddb"
  integrity sha512-S/aueBQ4g/cJYTg8gqT+kPoq9Px9Pip0Ff4m3Pt3o4qZgB+UHRwbTgMQVzH/0FzZXbiOqowkaSAwZICKfdMIsQ==
  dependencies:
    "@aws-cdk/core" "1.182.0"
    constructs "^3.3.69"

"@aws-cdk/aws-sns-subscriptions@1.182.0":
  version "1.182.0"
  resolved "https://registry.yarnpkg.com/@aws-cdk/aws-sns-subscriptions/-/aws-sns-subscriptions-1.182.0.tgz#142214be81b3e7a57e2854150001148d3a947dd5"
  integrity sha512-FDAg2vDO/peYa/wHBsFbUsPClmZprdWwq3ZhFsm+BJ6Dzu5egMC0Ys6fsWIPYZ8DrTZ1YHbjC15/myPc7kzIUw==
  dependencies:
    "@aws-cdk/aws-iam" "1.182.0"
    "@aws-cdk/aws-kms" "1.182.0"
    "@aws-cdk/aws-lambda" "1.182.0"
    "@aws-cdk/aws-sns" "1.182.0"
    "@aws-cdk/aws-sqs" "1.182.0"
    "@aws-cdk/core" "1.182.0"
    constructs "^3.3.69"

"@aws-cdk/aws-sns@1.182.0":
  version "1.182.0"
  resolved "https://registry.yarnpkg.com/@aws-cdk/aws-sns/-/aws-sns-1.182.0.tgz#6900f5babed525dc1d08982c4aba4e465dec3da7"
  integrity sha512-PKPLmdLi8Uyhp71UeL870ThS0+dtdfHjOBELKh9nEggXzFPuhjEhQxFHjT/046zj1boaF3Htz9c4/1Z0AEgxMg==
  dependencies:
    "@aws-cdk/aws-cloudwatch" "1.182.0"
    "@aws-cdk/aws-codestarnotifications" "1.182.0"
    "@aws-cdk/aws-events" "1.182.0"
    "@aws-cdk/aws-iam" "1.182.0"
    "@aws-cdk/aws-kms" "1.182.0"
    "@aws-cdk/aws-sqs" "1.182.0"
    "@aws-cdk/core" "1.182.0"
    constructs "^3.3.69"

"@aws-cdk/aws-sqs@1.182.0":
  version "1.182.0"
  resolved "https://registry.yarnpkg.com/@aws-cdk/aws-sqs/-/aws-sqs-1.182.0.tgz#d91d287d26974935cae86ce7d96d97042ca9ff62"
  integrity sha512-QH2PsJjZitsxKEdcBucydefhYcttfbZmCQuGCNEJp0EiexYaLhKF5CxVZh3cxurHPhejsqtJlgGvyerx6bdvwA==
  dependencies:
    "@aws-cdk/aws-cloudwatch" "1.182.0"
    "@aws-cdk/aws-iam" "1.182.0"
    "@aws-cdk/aws-kms" "1.182.0"
    "@aws-cdk/core" "1.182.0"
    constructs "^3.3.69"

"@aws-cdk/aws-ssm@1.182.0":
  version "1.182.0"
  resolved "https://registry.yarnpkg.com/@aws-cdk/aws-ssm/-/aws-ssm-1.182.0.tgz#6f711f532e2cc2a2713d01bfd50364bb0d850871"
  integrity sha512-zTV40jeJMIWK1oT/fIuDzn5nhb9APBeWUZSA9+o1tgqBmjCF77szivzILXHLponEbcT14Lddrqt3k3zD12rb3w==
  dependencies:
    "@aws-cdk/aws-iam" "1.182.0"
    "@aws-cdk/aws-kms" "1.182.0"
    "@aws-cdk/cloud-assembly-schema" "1.182.0"
    "@aws-cdk/core" "1.182.0"
    constructs "^3.3.69"

"@aws-cdk/aws-stepfunctions@1.182.0":
  version "1.182.0"
  resolved "https://registry.yarnpkg.com/@aws-cdk/aws-stepfunctions/-/aws-stepfunctions-1.182.0.tgz#c5ae25171f2e349759f0a1930966354679414452"
  integrity sha512-wUFIVYtrj3TRcglvLQO5CmTCIU27mQKo9LclTPzASYuHuGtjpbi7rVZl3uemKPpuhQQ8BNTKNMdK7IhRt3SNDA==
  dependencies:
    "@aws-cdk/aws-cloudwatch" "1.182.0"
    "@aws-cdk/aws-events" "1.182.0"
    "@aws-cdk/aws-iam" "1.182.0"
    "@aws-cdk/aws-logs" "1.182.0"
    "@aws-cdk/aws-s3" "1.182.0"
    "@aws-cdk/core" "1.182.0"
    constructs "^3.3.69"

"@aws-cdk/cloud-assembly-schema@1.182.0":
  version "1.182.0"
  resolved "https://registry.yarnpkg.com/@aws-cdk/cloud-assembly-schema/-/cloud-assembly-schema-1.182.0.tgz#1761cbc45ce58067db2202cff9f5e1674e1bb335"
  integrity sha512-ZevTQ0qnpZpdVN503Au0TugVLl6SD24r9zZzBUOKFxbV47LCwr2hexKat/wQKMCUrtQ8MEQP6DzdcbM51XBmdg==
  dependencies:
    jsonschema "^1.4.1"
    semver "^7.3.8"

"@aws-cdk/core@1.182.0", "@aws-cdk/core@^1.19.0":
  version "1.182.0"
  resolved "https://registry.yarnpkg.com/@aws-cdk/core/-/core-1.182.0.tgz#94accbd11a13d84d2d9214a7117dd96eb6cd855b"
  integrity sha512-tZh7Cn2d913A6I4V7f6MLCQEnVCIiNWlhvNJqLtHkuetN1d/a+riyqRIS68NvJVljENIjUVFOAY+ePpIKltqQg==
  dependencies:
    "@aws-cdk/cloud-assembly-schema" "1.182.0"
    "@aws-cdk/cx-api" "1.182.0"
    "@aws-cdk/region-info" "1.182.0"
    "@balena/dockerignore" "^1.0.2"
    constructs "^3.3.69"
    fs-extra "^9.1.0"
    ignore "^5.2.0"
    minimatch "^3.1.2"

"@aws-cdk/custom-resources@1.182.0", "@aws-cdk/custom-resources@^1.182.0":
  version "1.182.0"
  resolved "https://registry.yarnpkg.com/@aws-cdk/custom-resources/-/custom-resources-1.182.0.tgz#821c490c62bcd5d9fc52d6ad4c9884c129f2b0ea"
  integrity sha512-VlvttqiI7ESrspEwvYRGvUHWRg55gbZqijnzbaxyzTu+fxzzQhp/QL6PYV5wg/jKhqH+tZJM6IdzFX49zawUzQ==
  dependencies:
    "@aws-cdk/aws-cloudformation" "1.182.0"
    "@aws-cdk/aws-ec2" "1.182.0"
    "@aws-cdk/aws-iam" "1.182.0"
    "@aws-cdk/aws-lambda" "1.182.0"
    "@aws-cdk/aws-logs" "1.182.0"
    "@aws-cdk/aws-sns" "1.182.0"
    "@aws-cdk/core" "1.182.0"
    constructs "^3.3.69"

"@aws-cdk/cx-api@1.182.0":
  version "1.182.0"
  resolved "https://registry.yarnpkg.com/@aws-cdk/cx-api/-/cx-api-1.182.0.tgz#3da8c7b4f144d71576f11124b0b0824bee01383a"
  integrity sha512-LxgCtILk2iAls155GiE7VdM0zTow/uURQkrT1iMGqt4CLTtZ1W+sIomR7lM28CiBNdEqMKu+TaHmYPqXtis8kQ==
  dependencies:
    "@aws-cdk/cloud-assembly-schema" "1.182.0"
    semver "^7.3.8"

"@aws-cdk/region-info@1.182.0":
  version "1.182.0"
  resolved "https://registry.yarnpkg.com/@aws-cdk/region-info/-/region-info-1.182.0.tgz#00379cb87270426513e14475d90ba5e790e8ad2b"
  integrity sha512-H6KtVOHHsrlPO5sRs21iZmWGyFKziPyI552tHC7B7fOisxHpd+pnPLHJI/WC52wko5JizQ5wjbvR+r6cul9Diw==

"@balena/dockerignore@^1.0.2":
  version "1.0.2"
  resolved "https://registry.yarnpkg.com/@balena/dockerignore/-/dockerignore-1.0.2.tgz#9ffe4726915251e8eb69f44ef3547e0da2c03e0d"
  integrity sha512-wMue2Sy4GAVTk6Ic4tJVcnfdau+gx2EnG7S+uAEe+TWJFqE4YoWN4/H8MSLj4eYJKxGg26lZwboEniNiNwZQ6Q==

"@types/node@^12.12.14":
  version "12.12.14"
  resolved "https://registry.yarnpkg.com/@types/node/-/node-12.12.14.tgz#1c1d6e3c75dba466e0326948d56e8bd72a1903d2"
  integrity sha512-u/SJDyXwuihpwjXy7hOOghagLEV1KdAST6syfnOk6QZAMzZuWZqXy5aYYZbh8Jdpd4escVFP0MvftHNDb9pruA==

arg@^4.1.0:
  version "4.1.2"
  resolved "https://registry.yarnpkg.com/arg/-/arg-4.1.2.tgz#e70c90579e02c63d80e3ad4e31d8bfdb8bd50064"
  integrity sha512-+ytCkGcBtHZ3V2r2Z06AncYO8jz46UEamcspGoU8lHcEbpn6J77QK0vdWvChsclg/tM5XIJC5tnjmPp7Eq6Obg==

at-least-node@^1.0.0:
  version "1.0.0"
  resolved "https://registry.yarnpkg.com/at-least-node/-/at-least-node-1.0.0.tgz#602cd4b46e844ad4effc92a8011a3c46e0238dc2"
  integrity sha512-+q/t7Ekv1EDY2l6Gda6LLiX14rU9TV20Wa3ofeQmwPFZbOMo9DXrLbOjFaaclkXKWidIaopwAObQDqwWtGUjqg==

available-typed-arrays@^1.0.5:
  version "1.0.5"
  resolved "https://registry.yarnpkg.com/available-typed-arrays/-/available-typed-arrays-1.0.5.tgz#92f95616501069d07d10edb2fc37d3e1c65123b7"
  integrity sha512-DMD0KiN46eipeziST1LPP/STfDU0sufISXmjSgvVsoU2tqxctQeASejWcfNtxYKqETM1UxQ8sp2OrSBWpHY6sw==

aws-cdk@^1.182.0:
  version "1.182.0"
  resolved "https://registry.yarnpkg.com/aws-cdk/-/aws-cdk-1.182.0.tgz#ddbcd75309c7ac93b8904b15ff74d3e8c948daa6"
  integrity sha512-fjP3ICX9ve+Xo6UT/cv8TOMzPZBMDcEO7nABr6pxpx5AKObZBeuSaRNmFSYOeTjUgCPZFdI9UT91+z9TSYvQOg==
  optionalDependencies:
    fsevents "2.3.2"

aws-sdk@^2.1354.0:
  version "2.1354.0"
  resolved "https://registry.yarnpkg.com/aws-sdk/-/aws-sdk-2.1354.0.tgz#26a1cf72c84a4c105caf0025621a5f04327181e4"
  integrity sha512-3aDxvyuOqMB9DqJguCq6p8momdsz0JR1axwkWOOCzHA7a35+Bw+WLmqt3pWwRjR1tGIwkkZ2CvGJObYHsOuw3w==
  dependencies:
    buffer "4.9.2"
    events "1.1.1"
    ieee754 "1.1.13"
    jmespath "0.16.0"
    querystring "0.2.0"
    sax "1.2.1"
    url "0.10.3"
    util "^0.12.4"
    uuid "8.0.0"
    xml2js "0.5.0"

balanced-match@^1.0.0:
  version "1.0.0"
  resolved "https://registry.yarnpkg.com/balanced-match/-/balanced-match-1.0.0.tgz#89b4d199ab2bee49de164ea02b89ce462d71b767"
  integrity sha1-ibTRmasr7kneFk6gK4nORi1xt2c=

base64-js@^1.0.2:
  version "1.3.1"
  resolved "https://registry.yarnpkg.com/base64-js/-/base64-js-1.3.1.tgz#58ece8cb75dd07e71ed08c736abc5fac4dbf8df1"
  integrity sha512-mLQ4i2QO1ytvGWFWmcngKO//JXAQueZvwEKtjgQFM4jIK0kU+ytMfplL8j+n5mspOfjHwoAg+9yhb7BwAHm36g==

brace-expansion@^1.1.7:
  version "1.1.11"
  resolved "https://registry.yarnpkg.com/brace-expansion/-/brace-expansion-1.1.11.tgz#3c7fcbf529d87226f3d2f52b966ff5271eb441dd"
  integrity sha512-iCuPHDFgrHX7H2vEI/5xpz07zSHB00TpugqhmYtVmMO6518mCuRMoOYFldEBl0g187ufozdaHgWKcYFb61qGiA==
  dependencies:
    balanced-match "^1.0.0"
    concat-map "0.0.1"

buffer-from@^1.0.0:
  version "1.1.1"
  resolved "https://registry.yarnpkg.com/buffer-from/-/buffer-from-1.1.1.tgz#32713bc028f75c02fdb710d7c7bcec1f2c6070ef"
  integrity sha512-MQcXEUbCKtEo7bhqEs6560Hyd4XaovZlO/k9V3hjVUF/zwW7KBVdSK4gIt/bzwS9MbR5qob+F5jusZsb0YQK2A==

buffer@4.9.2:
  version "4.9.2"
  resolved "https://registry.yarnpkg.com/buffer/-/buffer-4.9.2.tgz#230ead344002988644841ab0244af8c44bbe3ef8"
  integrity sha512-xq+q3SRMOxGivLhBNaUdC64hDTQwejJ+H0T/NB1XMtTVEwNTrfFF3gAxiyW0Bu/xWEGhjVKgUcMhCrUy2+uCWg==
  dependencies:
    base64-js "^1.0.2"
    ieee754 "^1.1.4"
    isarray "^1.0.0"

buffers@^0.1.1:
  version "0.1.1"
  resolved "https://registry.yarnpkg.com/buffers/-/buffers-0.1.1.tgz#b24579c3bed4d6d396aeee6d9a8ae7f5482ab7bb"
  integrity sha512-9q/rDEGSb/Qsvv2qvzIzdluL5k7AaJOTrw23z9reQthrbF7is4CtlT0DXyO1oei2DCp4uojjzQ7igaSHp1kAEQ==

call-bind@^1.0.2:
  version "1.0.2"
  resolved "https://registry.yarnpkg.com/call-bind/-/call-bind-1.0.2.tgz#b1d4e89e688119c3c9a903ad30abb2f6a919be3c"
  integrity sha512-7O+FbCihrB5WGbFYesctwmTKae6rOiIzmz1icreWJ+0aA7LJfuqhEso2T9ncpcFtzMQtzXf2QGGueWJGTYsqrA==
  dependencies:
    function-bind "^1.1.1"
    get-intrinsic "^1.0.2"

concat-map@0.0.1:
  version "0.0.1"
  resolved "https://registry.yarnpkg.com/concat-map/-/concat-map-0.0.1.tgz#d8a96bd77fd68df7793a73036a3ba0d5405d477b"
  integrity sha1-2Klr13/Wjfd5OnMDajug1UBdR3s=

constructs@^3.3.69:
  version "3.4.180"
  resolved "https://registry.yarnpkg.com/constructs/-/constructs-3.4.180.tgz#01fee37ec89e2555a2c0acb92ce61e5451cd9ebd"
  integrity sha512-Vi5IpPn0vy6Uc66MfXYA2jqG3W47mcQiay3NSrhAPcwqwZgVeCi6lbUfChmphThgxxwTffa9Jd8VAxqIezYugQ==

debug@~3.1.0:
  version "3.1.0"
  resolved "https://registry.yarnpkg.com/debug/-/debug-3.1.0.tgz#5bb5a0672628b64149566ba16819e61518c67261"
  integrity sha512-OX8XqP7/1a9cqkxYw2yXss15f26NKWBpDXQd0/uK/KPqdQhxbPa994hnzjcE2VqQpDslf55723cKPUOGSmMY3g==
  dependencies:
    ms "2.0.0"

diff@^4.0.1:
  version "4.0.1"
  resolved "https://registry.yarnpkg.com/diff/-/diff-4.0.1.tgz#0c667cb467ebbb5cea7f14f135cc2dba7780a8ff"
  integrity sha512-s2+XdvhPCOF01LRQBC8hf4vhbVmI2CGS5aZnxLJlT5FtdhPCDFq80q++zK2KlrVorVDdL5BOGZ/VfLrVtYNF+Q==

ebml@^3.0.0:
  version "3.0.0"
  resolved "https://registry.yarnpkg.com/ebml/-/ebml-3.0.0.tgz#547f9443622d04e57c2afe7f485e0c82d04aa547"
  integrity sha512-Q6C1u4/TX1nYipT9HNIopp95YyyyI0zs1GXdNRKO7XL7k+oo+ZtDc1CaJjpCdmlLxWsnlKBOXJCXkYU0K/Anlg==
  dependencies:
    buffers "^0.1.1"
    debug "~3.1.0"

events@1.1.1:
  version "1.1.1"
  resolved "https://registry.yarnpkg.com/events/-/events-1.1.1.tgz#9ebdb7635ad099c70dcc4c2a1f5004288e8bd924"
  integrity sha512-kEcvvCBByWXGnZy6JUlgAp2gBIUjfCAV6P6TgT1/aaQKcmuAEC4OZTV1I4EWQLz2gxZw76atuVyvHhTxvi0Flw==

for-each@^0.3.3:
  version "0.3.3"
  resolved "https://registry.yarnpkg.com/for-each/-/for-each-0.3.3.tgz#69b447e88a0a5d32c3e7084f3f1710034b21376e"
  integrity sha512-jqYfLp7mo9vIyQf8ykW2v7A+2N4QjeCeI5+Dz9XraiO1ign81wjiH7Fb9vSOWvQfNtmSa4H2RoQTrrXivdUZmw==
  dependencies:
    is-callable "^1.1.3"

fs-extra@^9.1.0:
  version "9.1.0"
  resolved "https://registry.yarnpkg.com/fs-extra/-/fs-extra-9.1.0.tgz#5954460c764a8da2094ba3554bf839e6b9a7c86d"
  integrity sha512-hcg3ZmepS30/7BSFqRvoo3DOMQu7IjqxO5nCDt+zM9XWjb33Wg7ziNT+Qvqbuc3+gWpzO02JubVyk2G4Zvo1OQ==
  dependencies:
    at-least-node "^1.0.0"
    graceful-fs "^4.2.0"
    jsonfile "^6.0.1"
    universalify "^2.0.0"

fsevents@2.3.2:
  version "2.3.2"
  resolved "https://registry.yarnpkg.com/fsevents/-/fsevents-2.3.2.tgz#8a526f78b8fdf4623b709e0b975c52c24c02fd1a"
  integrity sha512-xiqMQR4xAeHTuB9uWm+fFRcIOgKBMiOBP+eXiyT7jsgVCq1bkVygt00oASowB7EdtpOHaaPgKt812P9ab+DDKA==

function-bind@^1.1.1:
  version "1.1.1"
  resolved "https://registry.yarnpkg.com/function-bind/-/function-bind-1.1.1.tgz#a56899d3ea3c9bab874bb9773b7c5ede92f4895d"
  integrity sha512-yIovAzMX49sF8Yl58fSCWJ5svSLuaibPxXQJFLmBObTuCr0Mf1KiPopGM9NiFjiYBCbfaa2Fh6breQ6ANVTI0A==

get-intrinsic@^1.0.2, get-intrinsic@^1.1.3:
  version "1.1.3"
  resolved "https://registry.yarnpkg.com/get-intrinsic/-/get-intrinsic-1.1.3.tgz#063c84329ad93e83893c7f4f243ef63ffa351385"
  integrity sha512-QJVz1Tj7MS099PevUG5jvnt9tSkXN8K14dxQlikJuPt4uD9hHAHjLyLBiLR5zELelBdD9QNRAXZzsJx0WaDL9A==
  dependencies:
    function-bind "^1.1.1"
    has "^1.0.3"
    has-symbols "^1.0.3"

gopd@^1.0.1:
  version "1.0.1"
  resolved "https://registry.yarnpkg.com/gopd/-/gopd-1.0.1.tgz#29ff76de69dac7489b7c0918a5788e56477c332c"
  integrity sha512-d65bNlIadxvpb/A2abVdlqKqV563juRnZ1Wtk6s1sIR8uNsXR70xqIzVqxVf1eTqDunwT2MkczEeaezCKTZhwA==
  dependencies:
    get-intrinsic "^1.1.3"

graceful-fs@^4.1.6, graceful-fs@^4.2.0:
  version "4.2.3"
  resolved "https://registry.yarnpkg.com/graceful-fs/-/graceful-fs-4.2.3.tgz#4a12ff1b60376ef09862c2093edd908328be8423"
  integrity sha512-a30VEBm4PEdx1dRB7MFK7BejejvCvBronbLjht+sHuGYj8PHs7M/5Z+rt5lw551vZ7yfTCj4Vuyy3mSJytDWRQ==

has-symbols@^1.0.2, has-symbols@^1.0.3:
  version "1.0.3"
  resolved "https://registry.yarnpkg.com/has-symbols/-/has-symbols-1.0.3.tgz#bb7b2c4349251dce87b125f7bdf874aa7c8b39f8"
  integrity sha512-l3LCuF6MgDNwTDKkdYGEihYjt5pRPbEg46rtlmnSPlUbgmB8LOIrKJbYYFBSbnPaJexMKtiPO8hmeRjRz2Td+A==

has-tostringtag@^1.0.0:
  version "1.0.0"
  resolved "https://registry.yarnpkg.com/has-tostringtag/-/has-tostringtag-1.0.0.tgz#7e133818a7d394734f941e73c3d3f9291e658b25"
  integrity sha512-kFjcSNhnlGV1kyoGk7OXKSawH5JOb/LzUc5w9B02hOTO0dfFRjbHQKvg1d6cf3HbeUmtU9VbbV3qzZ2Teh97WQ==
  dependencies:
    has-symbols "^1.0.2"

has@^1.0.3:
  version "1.0.3"
  resolved "https://registry.yarnpkg.com/has/-/has-1.0.3.tgz#722d7cbfc1f6aa8241f16dd814e011e1f41e8796"
  integrity sha512-f2dvO0VU6Oej7RkWJGrehjbzMAjFp5/VKPp5tTpWIV4JHHZK1/BxbFRtf/siA2SWTe09caDmVtYYzWEIbBS4zw==
  dependencies:
    function-bind "^1.1.1"

ieee754@1.1.13, ieee754@^1.1.4:
  version "1.1.13"
  resolved "https://registry.yarnpkg.com/ieee754/-/ieee754-1.1.13.tgz#ec168558e95aa181fd87d37f55c32bbcb6708b84"
  integrity sha512-4vf7I2LYV/HaWerSo3XmlMkp5eZ83i+/CDluXi/IGTs/O1sejBNhTtnxzmRZfvOUqj7lZjqHkeTvpgSFDlWZTg==

ignore@^5.2.0:
  version "5.2.1"
  resolved "https://registry.yarnpkg.com/ignore/-/ignore-5.2.1.tgz#c2b1f76cb999ede1502f3a226a9310fdfe88d46c"
  integrity sha512-d2qQLzTJ9WxQftPAuEQpSPmKqzxePjzVbpAVv62AQ64NTL+wR4JkrVqR/LqFsFEUsHDAiId52mJteHDFuDkElA==

inherits@^2.0.3:
  version "2.0.4"
  resolved "https://registry.yarnpkg.com/inherits/-/inherits-2.0.4.tgz#0fa2c64f932917c3433a0ded55363aae37416b7c"
  integrity sha512-k/vGaX4/Yla3WzyMCvTQOXYeIHvqOKtnqBduzTHpzpQZzAskKMhZ2K+EnBiSM9zGSoIFeMpXKxa4dYeZIQqewQ==

is-arguments@^1.0.4:
  version "1.1.1"
  resolved "https://registry.yarnpkg.com/is-arguments/-/is-arguments-1.1.1.tgz#15b3f88fda01f2a97fec84ca761a560f123efa9b"
  integrity sha512-8Q7EARjzEnKpt/PCD7e1cgUS0a6X8u5tdSiMqXhojOdoV9TsMsiO+9VLC5vAmO8N7/GmXn7yjR8qnA6bVAEzfA==
  dependencies:
    call-bind "^1.0.2"
    has-tostringtag "^1.0.0"

is-callable@^1.1.3:
  version "1.2.7"
  resolved "https://registry.yarnpkg.com/is-callable/-/is-callable-1.2.7.tgz#3bc2a85ea742d9e36205dcacdd72ca1fdc51b055"
  integrity sha512-1BC0BVFhS/p0qtw6enp8e+8OD0UrK0oFLztSjNzhcKA3WDuJxxAPXzPuPtKkjEY9UUoEWlX/8fgKeu2S8i9JTA==

is-generator-function@^1.0.7:
  version "1.0.10"
  resolved "https://registry.yarnpkg.com/is-generator-function/-/is-generator-function-1.0.10.tgz#f1558baf1ac17e0deea7c0415c438351ff2b3c72"
  integrity sha512-jsEjy9l3yiXEQ+PsXdmBwEPcOxaXWLspKdplFUVI9vq1iZgIekeC0L167qeu86czQaxed3q/Uzuw0swL0irL8A==
  dependencies:
    has-tostringtag "^1.0.0"

is-typed-array@^1.1.10, is-typed-array@^1.1.3:
  version "1.1.10"
  resolved "https://registry.yarnpkg.com/is-typed-array/-/is-typed-array-1.1.10.tgz#36a5b5cb4189b575d1a3e4b08536bfb485801e3f"
  integrity sha512-PJqgEHiWZvMpaFZ3uTc8kHPM4+4ADTlDniuQL7cU/UDA0Ql7F70yGfHph3cLNe+c9toaigv+DFzTJKhc2CtO6A==
  dependencies:
    available-typed-arrays "^1.0.5"
    call-bind "^1.0.2"
    for-each "^0.3.3"
    gopd "^1.0.1"
    has-tostringtag "^1.0.0"

isarray@^1.0.0:
  version "1.0.0"
  resolved "https://registry.yarnpkg.com/isarray/-/isarray-1.0.0.tgz#bb935d48582cba168c06834957a54a3e07124f11"
  integrity sha1-u5NdSFgsuhaMBoNJV6VKPgcSTxE=

jmespath@0.16.0:
  version "0.16.0"
  resolved "https://registry.yarnpkg.com/jmespath/-/jmespath-0.16.0.tgz#b15b0a85dfd4d930d43e69ed605943c802785076"
  integrity sha512-9FzQjJ7MATs1tSpnco1K6ayiYE3figslrXA72G2HQ/n76RzvYlofyi5QM+iX4YRs/pu3yzxlVQSST23+dMDknw==

jsonfile@^6.0.1:
  version "6.1.0"
  resolved "https://registry.yarnpkg.com/jsonfile/-/jsonfile-6.1.0.tgz#bc55b2634793c679ec6403094eb13698a6ec0aae"
  integrity sha512-5dgndWOriYSm5cnYaJNhalLNDKOqFwyDB/rr1E9ZsGciGvKPs8R2xYGCacuf3z6K1YKDz182fd+fY3cn3pMqXQ==
  dependencies:
    universalify "^2.0.0"
  optionalDependencies:
    graceful-fs "^4.1.6"

jsonschema@^1.4.1:
  version "1.4.1"
  resolved "https://registry.yarnpkg.com/jsonschema/-/jsonschema-1.4.1.tgz#cc4c3f0077fb4542982973d8a083b6b34f482dab"
  integrity sha512-S6cATIPVv1z0IlxdN+zUk5EPjkGCdnhN4wVSBlvoUO1tOLJootbo9CquNJmbIh4yikWHiUedhRYrNPn1arpEmQ==

lru-cache@^6.0.0:
  version "6.0.0"
  resolved "https://registry.yarnpkg.com/lru-cache/-/lru-cache-6.0.0.tgz#6d6fe6570ebd96aaf90fcad1dafa3b2566db3a94"
  integrity sha512-Jo6dJ04CmSjuznwJSS3pUeWmd/H0ffTlkXXgwZi+eq1UCmqQwCh+eLsYOYCwY991i2Fah4h1BEMCx4qThGbsiA==
  dependencies:
    yallist "^4.0.0"

make-error@^1.1.1:
  version "1.3.5"
  resolved "https://registry.yarnpkg.com/make-error/-/make-error-1.3.5.tgz#efe4e81f6db28cadd605c70f29c831b58ef776c8"
  integrity sha512-c3sIjNUow0+8swNwVpqoH4YCShKNFkMaw6oH1mNS2haDZQqkeZFlHS3dhoeEbKKmJB4vXpJucU6oH75aDYeE9g==

minimatch@^3.1.2:
  version "3.1.2"
  resolved "https://registry.yarnpkg.com/minimatch/-/minimatch-3.1.2.tgz#19cd194bfd3e428f049a70817c038d89ab4be35b"
  integrity sha512-J7p63hRiAjw1NDEww1W7i37+ByIrOWO5XQQAzZ3VOcL0PNybwpfmV/N05zFAzwQ9USyEcX6t3UO+K5aqBQOIHw==
  dependencies:
    brace-expansion "^1.1.7"

ms@2.0.0:
  version "2.0.0"
  resolved "https://registry.yarnpkg.com/ms/-/ms-2.0.0.tgz#5608aeadfc00be6c2901df5f9861788de0d597c8"
  integrity sha1-VgiurfwAvmwpAd9fmGF4jeDVl8g=

punycode@1.3.2:
  version "1.3.2"
  resolved "https://registry.yarnpkg.com/punycode/-/punycode-1.3.2.tgz#9653a036fb7c1ee42342f2325cceefea3926c48d"
  integrity sha1-llOgNvt8HuQjQvIyXM7v6jkmxI0=

punycode@^2.1.1:
  version "2.1.1"
  resolved "https://registry.yarnpkg.com/punycode/-/punycode-2.1.1.tgz#b58b010ac40c22c5657616c8d2c2c02c7bf479ec"
  integrity sha512-XRsRjdf+j5ml+y/6GKHPZbrF/8p2Yga0JPtdqTIY2Xe5ohJPD9saDJJLPvp9+NSBprVvevdXZybnj2cv8OEd0A==

querystring@0.2.0:
  version "0.2.0"
  resolved "https://registry.yarnpkg.com/querystring/-/querystring-0.2.0.tgz#b209849203bb25df820da756e747005878521620"
  integrity sha1-sgmEkgO7Jd+CDadW50cAWHhSFiA=

sax@1.2.1:
  version "1.2.1"
  resolved "https://registry.yarnpkg.com/sax/-/sax-1.2.1.tgz#7b8e656190b228e81a66aea748480d828cd2d37a"
  integrity sha512-8I2a3LovHTOpm7NV5yOyO8IHqgVsfK4+UuySrXU8YXkSRX7k6hCV9b3HrkKCr3nMpgj+0bmocaJJWpvp1oc7ZA==

sax@>=0.6.0:
  version "1.2.4"
  resolved "https://registry.yarnpkg.com/sax/-/sax-1.2.4.tgz#2816234e2378bddc4e5354fab5caa895df7100d9"
  integrity sha512-NqVDv9TpANUjFm0N8uM5GxL36UgKi9/atZw+x7YFnQ8ckwFGKrl4xX4yWtrey3UJm5nP1kUbnYgLopqWNSRhWw==

semver@^7.3.8:
  version "7.3.8"
  resolved "https://registry.yarnpkg.com/semver/-/semver-7.3.8.tgz#07a78feafb3f7b32347d725e33de7e2a2df67798"
  integrity sha512-NB1ctGL5rlHrPJtFDVIVzTyQylMLu9N9VICA6HSFJo8MCGVTMW6gfpicwKmmK/dAjTOrqu5l63JJOpDSrAis3A==
  dependencies:
    lru-cache "^6.0.0"

source-map-support@^0.5.17:
  version "0.5.21"
  resolved "https://registry.yarnpkg.com/source-map-support/-/source-map-support-0.5.21.tgz#04fe7c7f9e1ed2d662233c28cb2b35b9f63f6e4f"
  integrity sha512-uBHU3L3czsIyYXKX88fdrGovxdSCoTGDRZ6SYXtSRxLZUzHg5P/66Ht6uoUlHu9EZod+inXhKo3qQgwXUT/y1w==
  dependencies:
    buffer-from "^1.0.0"
    source-map "^0.6.0"

source-map-support@^0.5.9:
  version "0.5.16"
  resolved "https://registry.yarnpkg.com/source-map-support/-/source-map-support-0.5.16.tgz#0ae069e7fe3ba7538c64c98515e35339eac5a042"
  integrity sha512-efyLRJDr68D9hBBNIPWFjhpFzURh+KJykQwvMyW5UiZzYwoF6l4YMMDIJJEyFWxWCqfyxLzz6tSfUFR+kXXsVQ==
  dependencies:
    buffer-from "^1.0.0"
    source-map "^0.6.0"

source-map@^0.6.0:
  version "0.6.1"
  resolved "https://registry.yarnpkg.com/source-map/-/source-map-0.6.1.tgz#74722af32e9614e9c287a8d0bbde48b5e2f1a263"
  integrity sha512-UjgapumWlbMhkBgzT7Ykc5YXUT46F0iKu8SGXq0bcwP5dz/h0Plj6enJqjz1Zbq2l5WaqYnrVbwWOWMyF3F47g==

ts-node@^8.5.4:
  version "8.10.2"
  resolved "https://registry.yarnpkg.com/ts-node/-/ts-node-8.10.2.tgz#eee03764633b1234ddd37f8db9ec10b75ec7fb8d"
  integrity sha512-ISJJGgkIpDdBhWVu3jufsWpK3Rzo7bdiIXJjQc0ynKxVOVcg2oIrf2H2cejminGrptVc6q6/uynAHNCuWGbpVA==
  dependencies:
    arg "^4.1.0"
    diff "^4.0.1"
    make-error "^1.1.1"
    source-map-support "^0.5.17"
    yn "3.1.1"

typescript@^3.7.4:
  version "3.9.10"
  resolved "https://registry.yarnpkg.com/typescript/-/typescript-3.9.10.tgz#70f3910ac7a51ed6bef79da7800690b19bf778b8"
  integrity sha512-w6fIxVE/H1PkLKcCPsFqKE7Kv7QUwhU8qQY2MueZXWx5cPZdwFupLgKK3vntcK98BtNHZtAF4LA/yl2a7k8R6Q==

universalify@^2.0.0:
  version "2.0.0"
  resolved "https://registry.yarnpkg.com/universalify/-/universalify-2.0.0.tgz#75a4984efedc4b08975c5aeb73f530d02df25717"
  integrity sha512-hAZsKq7Yy11Zu1DE0OzWjw7nnLZmJZYTDZZyEFHZdUhV8FkH5MCfoU1XMaxXovpyW5nq5scPqq0ZDP9Zyl04oQ==

url@0.10.3:
  version "0.10.3"
  resolved "https://registry.yarnpkg.com/url/-/url-0.10.3.tgz#021e4d9c7705f21bbf37d03ceb58767402774c64"
  integrity sha512-hzSUW2q06EqL1gKM/a+obYHLIO6ct2hwPuviqTTOcfFVc61UbfJ2Q32+uGL/HCPxKqrdGB5QUwIe7UqlDgwsOQ==
  dependencies:
    punycode "1.3.2"
    querystring "0.2.0"

util@^0.12.4:
  version "0.12.5"
  resolved "https://registry.yarnpkg.com/util/-/util-0.12.5.tgz#5f17a6059b73db61a875668781a1c2b136bd6fbc"
  integrity sha512-kZf/K6hEIrWHI6XqOFUiiMa+79wE/D8Q+NCNAWclkyg3b4d2k7s0QGepNjiABc+aR3N1PAyHL7p6UcLY6LmrnA==
  dependencies:
    inherits "^2.0.3"
    is-arguments "^1.0.4"
    is-generator-function "^1.0.7"
    is-typed-array "^1.1.3"
    which-typed-array "^1.1.2"

uuid@8.0.0:
  version "8.0.0"
  resolved "https://registry.yarnpkg.com/uuid/-/uuid-8.0.0.tgz#bc6ccf91b5ff0ac07bbcdbf1c7c4e150db4dbb6c"
  integrity sha512-jOXGuXZAWdsTH7eZLtyXMqUb9EcWMGZNbL9YcGBJl4MH4nrxHmZJhEHvyLFrkxo+28uLb/NYRcStH48fnD0Vzw==

which-typed-array@^1.1.2:
  version "1.1.9"
  resolved "https://registry.yarnpkg.com/which-typed-array/-/which-typed-array-1.1.9.tgz#307cf898025848cf995e795e8423c7f337efbde6"
  integrity sha512-w9c4xkx6mPidwp7180ckYWfMmvxpjlZuIudNtDf4N/tTAUB8VJbX25qZoAsrtGuYNnGw3pa0AXgbGKRB8/EceA==
  dependencies:
    available-typed-arrays "^1.0.5"
    call-bind "^1.0.2"
    for-each "^0.3.3"
    gopd "^1.0.1"
    has-tostringtag "^1.0.0"
    is-typed-array "^1.1.10"

xml2js@0.5.0:
  version "0.5.0"
  resolved "https://registry.yarnpkg.com/xml2js/-/xml2js-0.5.0.tgz#d9440631fbb2ed800203fad106f2724f62c493b7"
  integrity sha512-drPFnkQJik/O+uPKpqSgr22mpuFHqKdbS835iAQrUC73L2F5WkboIRd63ai/2Yg6I1jzifPFKH2NTK+cfglkIA==
  dependencies:
    sax ">=0.6.0"
    xmlbuilder "~11.0.0"

xmlbuilder@~11.0.0:
  version "11.0.1"
  resolved "https://registry.yarnpkg.com/xmlbuilder/-/xmlbuilder-11.0.1.tgz#be9bae1c8a046e76b31127726347d0ad7002beb3"
  integrity sha512-fDlsI/kFEx7gLvbecc0/ohLG50fugQp8ryHzMTuW9vSa1GJ0XYWKnhsUx7oie3G98+r56aTQIUB4kht42R3JvA==

yallist@^4.0.0:
  version "4.0.0"
  resolved "https://registry.yarnpkg.com/yallist/-/yallist-4.0.0.tgz#9bb92790d9c0effec63be73519e11a35019a3a72"
  integrity sha512-3wdGidZyq5PB084XLES5TpOSRA3wjXAlIWMhum2kRcv/41Sn2emQ0dycQW4uZXLejwKvg6EsvbdlVL+FYEct7A==

yn@3.1.1:
  version "3.1.1"
  resolved "https://registry.yarnpkg.com/yn/-/yn-3.1.1.tgz#1e87401a09d767c1d5eab26a6e4c185182d2eb50"
  integrity sha512-Ux4ygGWsu2c7isFWe8Yu1YluJmqVhxqK2cLXNQA5AcC3QfbGNpM7fu0Y8b/z16pXLnFxZYvWhd3fhBY9DLmC6Q==
